
Microsoft Visual Studio Solution File, Format Version 12.00
# Visual Studio 15
VisualStudioVersion = 15.0.28307.329
MinimumVisualStudioVersion = 10.0.40219.1
Project("{8BC9CEB8-8B4A-11D0-8D11-00A0C91BC942}") = "KTVsystem - GUI", "KTVsystem - GUI\KTVsystem - GUI.vcxproj", "{AA64E512-394A-4605-90A0-11D9AA7C3DC4}"
EndProject
Project("{54435603-DBB4-11D2-8724-00A0C9A8B90C}") = "KTVsystem_Setup", "KTVsystem_Setup\KTVsystem_Setup.vdproj", "{652C7205-3592-45DF-8415-8A85B1338CC2}"
EndProject
Global
	GlobalSection(SolutionConfigurationPlatforms) = preSolution
		Debug|x64 = Debug|x64
		Debug|x86 = Debug|x86
		Release|x64 = Release|x64
		Release|x86 = Release|x86
	EndGlobalSection
	GlobalSection(ProjectConfigurationPlatforms) = postSolution
		{AA64E512-394A-4605-90A0-11D9AA7C3DC4}.Debug|x64.ActiveCfg = Debug|x64
		{AA64E512-394A-4605-90A0-11D9AA7C3DC4}.Debug|x64.Build.0 = Debug|x64
		{AA64E512-394A-4605-90A0-11D9AA7C3DC4}.Debug|x86.ActiveCfg = Debug|Win32
		{AA64E512-394A-4605-90A0-11D9AA7C3DC4}.Debug|x86.Build.0 = Debug|Win32
		{AA64E512-394A-4605-90A0-11D9AA7C3DC4}.Release|x64.ActiveCfg = Release|x64
		{AA64E512-394A-4605-90A0-11D9AA7C3DC4}.Release|x64.Build.0 = Release|x64
		{AA64E512-394A-4605-90A0-11D9AA7C3DC4}.Release|x86.ActiveCfg = Release|Win32
		{AA64E512-394A-4605-90A0-11D9AA7C3DC4}.Release|x86.Build.0 = Release|Win32
		{652C7205-3592-45DF-8415-8A85B1338CC2}.Debug|x64.ActiveCfg = Debug
		{652C7205-3592-45DF-8415-8A85B1338CC2}.Debug|x86.ActiveCfg = Debug
		{652C7205-3592-45DF-8415-8A85B1338CC2}.Release|x64.ActiveCfg = Release
		{652C7205-3592-45DF-8415-8A85B1338CC2}.Release|x86.ActiveCfg = Release
	EndGlobalSection
	GlobalSection(SolutionProperties) = preSolution
		HideSolutionNode = FALSE
	EndGlobalSection
	GlobalSection(ExtensibilityGlobals) = postSolution
		SolutionGuid = {0DA68DCF-8483-4F9A-A409-E02DC4865B9F}
	EndGlobalSection
EndGlobal
